<?xml version="1.0" encoding="utf-8"?>
<Project ToolsVersion="4.0" xmlns="http://schemas.microsoft.com/developer/msbuild/2003">
  <ItemGroup>
    <Filter Include="include">
      <UniqueIdentifier>{89AF369E-F58E-B539-FEA6-40106A051C9B}</UniqueIdentifier>
    </Filter>
    <Filter Include="include\openxr">
      <UniqueIdentifier>{347F3862-204D-2C68-09E1-9C8EF54D08CD}</UniqueIdentifier>
    </Filter>
    <Filter Include="src">
      <UniqueIdentifier>{2DAB880B-99B4-887C-2230-9F7C8E38947C}</UniqueIdentifier>
    </Filter>
    <Filter Include="src\common">
      <UniqueIdentifier>{E5D74254-D18F-84A1-3A97-5DFD266E1F92}</UniqueIdentifier>
    </Filter>
    <Filter Include="src\external">
      <UniqueIdentifier>{1F3C6D0D-0B9F-FCB1-B424-3568A066C834}</UniqueIdentifier>
    </Filter>
    <Filter Include="src\external\jsoncpp">
      <UniqueIdentifier>{4B0E06C4-379D-8F8D-E0BB-A388CC29A033}</UniqueIdentifier>
    </Filter>
    <Filter Include="src\external\jsoncpp\include">
      <UniqueIdentifier>{BE503653-AA0B-26FF-53C3-9E493F5D708F}</UniqueIdentifier>
    </Filter>
    <Filter Include="src\external\jsoncpp\include\json">
      <UniqueIdentifier>{470F6B20-B37D-C09F-FC66-7B9F6814B63B}</UniqueIdentifier>
    </Filter>
    <Filter Include="src\external\jsoncpp\src">
      <UniqueIdentifier>{E2F9C559-CE1E-15DA-F769-FA69E3ED13F8}</UniqueIdentifier>
    </Filter>
    <Filter Include="src\external\jsoncpp\src\lib_json">
      <UniqueIdentifier>{016FB08C-6DDD-050C-B6C6-C00B2274FBA7}</UniqueIdentifier>
    </Filter>
    <Filter Include="src\loader">
      <UniqueIdentifier>{73893A69-5F41-7CB6-C848-5512B41F17A7}</UniqueIdentifier>
    </Filter>
  </ItemGroup>
  <ItemGroup>
    <ClInclude Include="include\openxr\openxr.h">
      <Filter>include\openxr</Filter>
    </ClInclude>
    <ClInclude Include="include\openxr\openxr_platform.h">
      <Filter>include\openxr</Filter>
    </ClInclude>
    <ClInclude Include="include\openxr\openxr_platform_defines.h">
      <Filter>include\openxr</Filter>
    </ClInclude>
    <ClInclude Include="include\openxr\openxr_reflection.h">
      <Filter>include\openxr</Filter>
    </ClInclude>
    <ClInclude Include="include\openxr\openxr_reflection_parent_structs.h">
      <Filter>include\openxr</Filter>
    </ClInclude>
    <ClInclude Include="include\openxr\openxr_reflection_structs.h">
      <Filter>include\openxr</Filter>
    </ClInclude>
    <ClInclude Include="src\common\extra_algorithms.h">
      <Filter>src\common</Filter>
    </ClInclude>
    <ClInclude Include="src\common\filesystem_utils.hpp">
      <Filter>src\common</Filter>
    </ClInclude>
    <ClInclude Include="src\common\hex_and_handles.h">
      <Filter>src\common</Filter>
    </ClInclude>
    <ClInclude Include="src\common\loader_interfaces.h">
      <Filter>src\common</Filter>
    </ClInclude>
    <ClInclude Include="src\common\object_info.h">
      <Filter>src\common</Filter>
    </ClInclude>
    <ClInclude Include="src\common\platform_utils.hpp">
      <Filter>src\common</Filter>
    </ClInclude>
    <ClInclude Include="src\common\stdfs_conditions.h">
      <Filter>src\common</Filter>
    </ClInclude>
    <ClInclude Include="src\common\unique_asset.h">
      <Filter>src\common</Filter>
    </ClInclude>
    <ClInclude Include="src\common\xr_dependencies.h">
      <Filter>src\common</Filter>
    </ClInclude>
    <ClInclude Include="src\common\xr_linear.h">
      <Filter>src\common</Filter>
    </ClInclude>
    <ClInclude Include="src\common_config.h">
      <Filter>src</Filter>
    </ClInclude>
    <ClInclude Include="src\external\jsoncpp\include\json\allocator.h">
      <Filter>src\external\jsoncpp\include\json</Filter>
    </ClInclude>
    <ClInclude Include="src\external\jsoncpp\include\json\assertions.h">
      <Filter>src\external\jsoncpp\include\json</Filter>
    </ClInclude>
    <ClInclude Include="src\external\jsoncpp\include\json\config.h">
      <Filter>src\external\jsoncpp\include\json</Filter>
    </ClInclude>
    <ClInclude Include="src\external\jsoncpp\include\json\forwards.h">
      <Filter>src\external\jsoncpp\include\json</Filter>
    </ClInclude>
    <ClInclude Include="src\external\jsoncpp\include\json\json.h">
      <Filter>src\external\jsoncpp\include\json</Filter>
    </ClInclude>
    <ClInclude Include="src\external\jsoncpp\include\json\json_features.h">
      <Filter>src\external\jsoncpp\include\json</Filter>
    </ClInclude>
    <ClInclude Include="src\external\jsoncpp\include\json\reader.h">
      <Filter>src\external\jsoncpp\include\json</Filter>
    </ClInclude>
    <ClInclude Include="src\external\jsoncpp\include\json\value.h">
      <Filter>src\external\jsoncpp\include\json</Filter>
    </ClInclude>
    <ClInclude Include="src\external\jsoncpp\include\json\version.h">
      <Filter>src\external\jsoncpp\include\json</Filter>
    </ClInclude>
    <ClInclude Include="src\external\jsoncpp\include\json\writer.h">
      <Filter>src\external\jsoncpp\include\json</Filter>
    </ClInclude>
    <ClInclude Include="src\external\jsoncpp\src\lib_json\json_tool.h">
      <Filter>src\external\jsoncpp\src\lib_json</Filter>
    </ClInclude>
    <ClInclude Include="src\loader\android_utilities.h">
      <Filter>src\loader</Filter>
    </ClInclude>
    <ClInclude Include="src\loader\api_layer_interface.hpp">
      <Filter>src\loader</Filter>
    </ClInclude>
    <ClInclude Include="src\loader\exception_handling.hpp">
      <Filter>src\loader</Filter>
    </ClInclude>
    <ClInclude Include="src\loader\loader_instance.hpp">
      <Filter>src\loader</Filter>
    </ClInclude>
    <ClInclude Include="src\loader\loader_logger.hpp">
      <Filter>src\loader</Filter>
    </ClInclude>
    <ClInclude Include="src\loader\loader_logger_recorders.hpp">
      <Filter>src\loader</Filter>
    </ClInclude>
    <ClInclude Include="src\loader\loader_platform.hpp">
      <Filter>src\loader</Filter>
    </ClInclude>
    <ClInclude Include="src\loader\manifest_file.hpp">
      <Filter>src\loader</Filter>
    </ClInclude>
    <ClInclude Include="src\loader\runtime_interface.hpp">
      <Filter>src\loader</Filter>
    </ClInclude>
    <ClInclude Include="src\loader\xr_generated_loader.hpp">
      <Filter>src\loader</Filter>
    </ClInclude>
    <ClInclude Include="src\xr_generated_dispatch_table.h">
      <Filter>src</Filter>
    </ClInclude>
  </ItemGroup>
  <ItemGroup>
    <ClCompile Include="src\common\filesystem_utils.cpp">
      <Filter>src\common</Filter>
    </ClCompile>
    <ClCompile Include="src\common\object_info.cpp">
      <Filter>src\common</Filter>
    </ClCompile>
    <ClCompile Include="src\external\jsoncpp\src\lib_json\json_reader.cpp">
      <Filter>src\external\jsoncpp\src\lib_json</Filter>
    </ClCompile>
    <ClCompile Include="src\external\jsoncpp\src\lib_json\json_value.cpp">
      <Filter>src\external\jsoncpp\src\lib_json</Filter>
    </ClCompile>
    <ClCompile Include="src\external\jsoncpp\src\lib_json\json_writer.cpp">
      <Filter>src\external\jsoncpp\src\lib_json</Filter>
    </ClCompile>
    <ClCompile Include="src\loader\android_utilities.cpp">
      <Filter>src\loader</Filter>
    </ClCompile>
    <ClCompile Include="src\loader\api_layer_interface.cpp">
      <Filter>src\loader</Filter>
    </ClCompile>
    <ClCompile Include="src\loader\loader_core.cpp">
      <Filter>src\loader</Filter>
    </ClCompile>
    <ClCompile Include="src\loader\loader_instance.cpp">
      <Filter>src\loader</Filter>
    </ClCompile>
    <ClCompile Include="src\loader\loader_logger.cpp">
      <Filter>src\loader</Filter>
    </ClCompile>
    <ClCompile Include="src\loader\loader_logger_recorders.cpp">
      <Filter>src\loader</Filter>
    </ClCompile>
    <ClCompile Include="src\loader\manifest_file.cpp">
      <Filter>src\loader</Filter>
    </ClCompile>
    <ClCompile Include="src\loader\runtime_interface.cpp">
      <Filter>src\loader</Filter>
    </ClCompile>
    <ClCompile Include="src\loader\xr_generated_loader.cpp">
      <Filter>src\loader</Filter>
    </ClCompile>
    <ClCompile Include="src\xr_generated_dispatch_table.c">
      <Filter>src</Filter>
    </ClCompile>
  </ItemGroup>
</Project>